
Microsoft Visual Studio Solution File, Format Version 12.00
# Visual Studio Version 17
VisualStudioVersion = 17.7.34202.233
MinimumVisualStudioVersion = 10.0.40219.1
Project("{FAE04EC0-301F-11D3-BF4B-00C04F79EFBC}") = "nogometna_akademija.UI", "nogometna akademija\nogometna_akademija.UI.csproj", "{8E86B2F3-B571-42F2-B7CE-78825653FDAF}"
EndProject
Project("{FAE04EC0-301F-11D3-BF4B-00C04F79EFBC}") = "nogometna_akademija.Abstract", "nogometna_akademija.Abstract\nogometna_akademija.Abstract.csproj", "{C205F288-5025-49D6-AB1D-74E6A5150802}"
EndProject
Project("{FAE04EC0-301F-11D3-BF4B-00C04F79EFBC}") = "nogometna_akademija.DB", "nogometna_akademija.DB\nogometna_akademija.DB.csproj", "{8A824919-3271-4E9A-B497-5F1DDEAEACF6}"
EndProject
Global
	GlobalSection(SolutionConfigurationPlatforms) = preSolution
		Debug|Any CPU = Debug|Any CPU
		Release|Any CPU = Release|Any CPU
	EndGlobalSection
	GlobalSection(ProjectConfigurationPlatforms) = postSolution
		{8E86B2F3-B571-42F2-B7CE-78825653FDAF}.Debug|Any CPU.ActiveCfg = Debug|Any CPU
		{8E86B2F3-B571-42F2-B7CE-78825653FDAF}.Debug|Any CPU.Build.0 = Debug|Any CPU
		{8E86B2F3-B571-42F2-B7CE-78825653FDAF}.Release|Any CPU.ActiveCfg = Release|Any CPU
		{8E86B2F3-B571-42F2-B7CE-78825653FDAF}.Release|Any CPU.Build.0 = Release|Any CPU
		{C205F288-5025-49D6-AB1D-74E6A5150802}.Debug|Any CPU.ActiveCfg = Debug|Any CPU
		{C205F288-5025-49D6-AB1D-74E6A5150802}.Debug|Any CPU.Build.0 = Debug|Any CPU
		{C205F288-5025-49D6-AB1D-74E6A5150802}.Release|Any CPU.ActiveCfg = Release|Any CPU
		{C205F288-5025-49D6-AB1D-74E6A5150802}.Release|Any CPU.Build.0 = Release|Any CPU
		{8A824919-3271-4E9A-B497-5F1DDEAEACF6}.Debug|Any CPU.ActiveCfg = Debug|Any CPU
		{8A824919-3271-4E9A-B497-5F1DDEAEACF6}.Debug|Any CPU.Build.0 = Debug|Any CPU
		{8A824919-3271-4E9A-B497-5F1DDEAEACF6}.Release|Any CPU.ActiveCfg = Release|Any CPU
		{8A824919-3271-4E9A-B497-5F1DDEAEACF6}.Release|Any CPU.Build.0 = Release|Any CPU
	EndGlobalSection
	GlobalSection(SolutionProperties) = preSolution
		HideSolutionNode = FALSE
	EndGlobalSection
	GlobalSection(ExtensibilityGlobals) = postSolution
		SolutionGuid = {25A922FB-459A-4458-8993-7D70CEF37C38}
	EndGlobalSection
EndGlobal
